
Microsoft Visual Studio Solution File, Format Version 12.00
# Visual Studio Version 16
VisualStudioVersion = 16.0.31005.135
MinimumVisualStudioVersion = 10.0.40219.1
Project("{9A19103F-16F7-4668-BE54-9A1E7A4F7556}") = "tfg-role-service", "tfg-role-service.csproj", "{496D443B-10B0-4054-8ED9-021E64C98773}"
EndProject
Global
	GlobalSection(SolutionConfigurationPlatforms) = preSolution
		Debug|Any CPU = Debug|Any CPU
		Release|Any CPU = Release|Any CPU
	EndGlobalSection
	GlobalSection(ProjectConfigurationPlatforms) = postSolution
		{496D443B-10B0-4054-8ED9-021E64C98773}.Debug|Any CPU.ActiveCfg = Debug|Any CPU
		{496D443B-10B0-4054-8ED9-021E64C98773}.Debug|Any CPU.Build.0 = Debug|Any CPU
		{496D443B-10B0-4054-8ED9-021E64C98773}.Release|Any CPU.ActiveCfg = Release|Any CPU
		{496D443B-10B0-4054-8ED9-021E64C98773}.Release|Any CPU.Build.0 = Release|Any CPU
		{4E2B39DE-583B-4837-B863-C38776005596}.Debug|Any CPU.ActiveCfg = Debug|Any CPU
		{4E2B39DE-583B-4837-B863-C38776005596}.Debug|Any CPU.Build.0 = Debug|Any CPU
		{4E2B39DE-583B-4837-B863-C38776005596}.Release|Any CPU.ActiveCfg = Release|Any CPU
		{4E2B39DE-583B-4837-B863-C38776005596}.Release|Any CPU.Build.0 = Release|Any CPU
	EndGlobalSection
	GlobalSection(SolutionProperties) = preSolution
		HideSolutionNode = FALSE
	EndGlobalSection
	GlobalSection(ExtensibilityGlobals) = postSolution
		SolutionGuid = {162B62B2-4A43-4DC9-917A-D3621A455720}
	EndGlobalSection
EndGlobal
